// !$*UTF8*$!
{
	archiveVersion = 1;
	classes = {
	};
	objectVersion = 77;
	objects = {

/* Begin PBXBuildFile section */
		90128A862CEA5C0E00B95DF3 /* AIRoutes in Frameworks */ = {isa = PBXBuildFile; productRef = 90128A852CEA5C0E00B95DF3 /* AIRoutes */; };
		90670EE82C9D284A000308D3 /* Apollo in Frameworks */ = {isa = PBXBuildFile; productRef = 90670EE72C9D284A000308D3 /* Apollo */; };
		90670EEA2C9D284A000308D3 /* ApolloAPI in Frameworks */ = {isa = PBXBuildFile; productRef = 90670EE92C9D284A000308D3 /* ApolloAPI */; };
		907625372C9D1B2200538B00 /* AWSAPIPlugin in Frameworks */ = {isa = PBXBuildFile; productRef = 907625362C9D1B2200538B00 /* AWSAPIPlugin */; };
		907625392C9D1B2200538B00 /* AWSCognitoAuthPlugin in Frameworks */ = {isa = PBXBuildFile; productRef = 907625382C9D1B2200538B00 /* AWSCognitoAuthPlugin */; };
		9076253B2C9D1B2200538B00 /* AWSPluginsCore in Frameworks */ = {isa = PBXBuildFile; productRef = 9076253A2C9D1B2200538B00 /* AWSPluginsCore */; };
		9076253D2C9D1B2200538B00 /* AWSS3StoragePlugin in Frameworks */ = {isa = PBXBuildFile; productRef = 9076253C2C9D1B2200538B00 /* AWSS3StoragePlugin */; };
		9076253F2C9D1B2200538B00 /* Amplify in Frameworks */ = {isa = PBXBuildFile; productRef = 9076253E2C9D1B2200538B00 /* Amplify */; };
		907625422C9D1B5E00538B00 /* Authenticator in Frameworks */ = {isa = PBXBuildFile; productRef = 907625412C9D1B5E00538B00 /* Authenticator */; };
		90960B4C2C9D28DD00448652 /* AWSAppSyncApolloExtensions in Frameworks */ = {isa = PBXBuildFile; productRef = 90960B4B2C9D28DD00448652 /* AWSAppSyncApolloExtensions */; };
/* End PBXBuildFile section */

/* Begin PBXContainerItemProxy section */
		907625192C9D1A6100538B00 /* PBXContainerItemProxy */ = {
			isa = PBXContainerItemProxy;
			containerPortal = 907624FF2C9D1A5F00538B00 /* Project object */;
			proxyType = 1;
			remoteGlobalIDString = 907625062C9D1A5F00538B00;
			remoteInfo = "swift-ai-template";
		};
		907625232C9D1A6100538B00 /* PBXContainerItemProxy */ = {
			isa = PBXContainerItemProxy;
			containerPortal = 907624FF2C9D1A5F00538B00 /* Project object */;
			proxyType = 1;
			remoteGlobalIDString = 907625062C9D1A5F00538B00;
			remoteInfo = "swift-ai-template";
		};
/* End PBXContainerItemProxy section */

/* Begin PBXFileReference section */
		907625072C9D1A5F00538B00 /* swift-ai-template.app */ = {isa = PBXFileReference; explicitFileType = wrapper.application; includeInIndex = 0; path = "swift-ai-template.app"; sourceTree = BUILT_PRODUCTS_DIR; };
		907625182C9D1A6100538B00 /* swift-ai-templateTests.xctest */ = {isa = PBXFileReference; explicitFileType = wrapper.cfbundle; includeInIndex = 0; path = "swift-ai-templateTests.xctest"; sourceTree = BUILT_PRODUCTS_DIR; };
		907625222C9D1A6100538B00 /* swift-ai-templateUITests.xctest */ = {isa = PBXFileReference; explicitFileType = wrapper.cfbundle; includeInIndex = 0; path = "swift-ai-templateUITests.xctest"; sourceTree = BUILT_PRODUCTS_DIR; };
/* End PBXFileReference section */

/* Begin PBXFileSystemSynchronizedRootGroup section */
		907625092C9D1A5F00538B00 /* swift-ai-template */ = {
			isa = PBXFileSystemSynchronizedRootGroup;
			path = "swift-ai-template";
			sourceTree = "<group>";
		};
		9076251B2C9D1A6100538B00 /* swift-ai-templateTests */ = {
			isa = PBXFileSystemSynchronizedRootGroup;
			path = "swift-ai-templateTests";
			sourceTree = "<group>";
		};
		907625252C9D1A6100538B00 /* swift-ai-templateUITests */ = {
			isa = PBXFileSystemSynchronizedRootGroup;
			path = "swift-ai-templateUITests";
			sourceTree = "<group>";
		};
/* End PBXFileSystemSynchronizedRootGroup section */

/* Begin PBXFrameworksBuildPhase section */
		907625042C9D1A5F00538B00 /* Frameworks */ = {
			isa = PBXFrameworksBuildPhase;
			buildActionMask = 2147483647;
			files = (
				907625372C9D1B2200538B00 /* AWSAPIPlugin in Frameworks */,
				90960B4C2C9D28DD00448652 /* AWSAppSyncApolloExtensions in Frameworks */,
				9076253F2C9D1B2200538B00 /* Amplify in Frameworks */,
				90670EEA2C9D284A000308D3 /* ApolloAPI in Frameworks */,
				907625422C9D1B5E00538B00 /* Authenticator in Frameworks */,
				907625392C9D1B2200538B00 /* AWSCognitoAuthPlugin in Frameworks */,
				9076253B2C9D1B2200538B00 /* AWSPluginsCore in Frameworks */,
				90670EE82C9D284A000308D3 /* Apollo in Frameworks */,
				9076253D2C9D1B2200538B00 /* AWSS3StoragePlugin in Frameworks */,
				90128A862CEA5C0E00B95DF3 /* AIRoutes in Frameworks */,
			);
			runOnlyForDeploymentPostprocessing = 0;
		};
		907625152C9D1A6100538B00 /* Frameworks */ = {
			isa = PBXFrameworksBuildPhase;
			buildActionMask = 2147483647;
			files = (
			);
			runOnlyForDeploymentPostprocessing = 0;
		};
		9076251F2C9D1A6100538B00 /* Frameworks */ = {
			isa = PBXFrameworksBuildPhase;
			buildActionMask = 2147483647;
			files = (
			);
			runOnlyForDeploymentPostprocessing = 0;
		};
/* End PBXFrameworksBuildPhase section */

/* Begin PBXGroup section */
		907624FE2C9D1A5F00538B00 = {
			isa = PBXGroup;
			children = (
				907625092C9D1A5F00538B00 /* swift-ai-template */,
				9076251B2C9D1A6100538B00 /* swift-ai-templateTests */,
				907625252C9D1A6100538B00 /* swift-ai-templateUITests */,
				907625082C9D1A5F00538B00 /* Products */,
			);
			sourceTree = "<group>";
		};
		907625082C9D1A5F00538B00 /* Products */ = {
			isa = PBXGroup;
			children = (
				907625072C9D1A5F00538B00 /* swift-ai-template.app */,
				907625182C9D1A6100538B00 /* swift-ai-templateTests.xctest */,
				907625222C9D1A6100538B00 /* swift-ai-templateUITests.xctest */,
			);
			name = Products;
			sourceTree = "<group>";
		};
/* End PBXGroup section */

/* Begin PBXNativeTarget section */
		907625062C9D1A5F00538B00 /* swift-ai-template */ = {
			isa = PBXNativeTarget;
			buildConfigurationList = 9076252C2C9D1A6100538B00 /* Build configuration list for PBXNativeTarget "swift-ai-template" */;
			buildPhases = (
				907625032C9D1A5F00538B00 /* Sources */,
				907625042C9D1A5F00538B00 /* Frameworks */,
				907625052C9D1A5F00538B00 /* Resources */,
			);
			buildRules = (
			);
			dependencies = (
			);
			fileSystemSynchronizedGroups = (
				907625092C9D1A5F00538B00 /* swift-ai-template */,
			);
			name = "swift-ai-template";
			packageProductDependencies = (
				907625362C9D1B2200538B00 /* AWSAPIPlugin */,
				907625382C9D1B2200538B00 /* AWSCognitoAuthPlugin */,
				9076253A2C9D1B2200538B00 /* AWSPluginsCore */,
				9076253C2C9D1B2200538B00 /* AWSS3StoragePlugin */,
				9076253E2C9D1B2200538B00 /* Amplify */,
				907625412C9D1B5E00538B00 /* Authenticator */,
				90670EE72C9D284A000308D3 /* Apollo */,
				90670EE92C9D284A000308D3 /* ApolloAPI */,
				90960B4B2C9D28DD00448652 /* AWSAppSyncApolloExtensions */,
				90128A852CEA5C0E00B95DF3 /* AIRoutes */,
			);
			productName = "swift-ai-template";
			productReference = 907625072C9D1A5F00538B00 /* swift-ai-template.app */;
			productType = "com.apple.product-type.application";
		};
		907625172C9D1A6100538B00 /* swift-ai-templateTests */ = {
			isa = PBXNativeTarget;
			buildConfigurationList = 9076252F2C9D1A6100538B00 /* Build configuration list for PBXNativeTarget "swift-ai-templateTests" */;
			buildPhases = (
				907625142C9D1A6100538B00 /* Sources */,
				907625152C9D1A6100538B00 /* Frameworks */,
				907625162C9D1A6100538B00 /* Resources */,
			);
			buildRules = (
			);
			dependencies = (
				9076251A2C9D1A6100538B00 /* PBXTargetDependency */,
			);
			fileSystemSynchronizedGroups = (
				9076251B2C9D1A6100538B00 /* swift-ai-templateTests */,
			);
			name = "swift-ai-templateTests";
			packageProductDependencies = (
			);
			productName = "swift-ai-templateTests";
			productReference = 907625182C9D1A6100538B00 /* swift-ai-templateTests.xctest */;
			productType = "com.apple.product-type.bundle.unit-test";
		};
		907625212C9D1A6100538B00 /* swift-ai-templateUITests */ = {
			isa = PBXNativeTarget;
			buildConfigurationList = 907625322C9D1A6100538B00 /* Build configuration list for PBXNativeTarget "swift-ai-templateUITests" */;
			buildPhases = (
				9076251E2C9D1A6100538B00 /* Sources */,
				9076251F2C9D1A6100538B00 /* Frameworks */,
				907625202C9D1A6100538B00 /* Resources */,
			);
			buildRules = (
			);
			dependencies = (
				907625242C9D1A6100538B00 /* PBXTargetDependency */,
			);
			fileSystemSynchronizedGroups = (
				907625252C9D1A6100538B00 /* swift-ai-templateUITests */,
			);
			name = "swift-ai-templateUITests";
			packageProductDependencies = (
			);
			productName = "swift-ai-templateUITests";
			productReference = 907625222C9D1A6100538B00 /* swift-ai-templateUITests.xctest */;
			productType = "com.apple.product-type.bundle.ui-testing";
		};
/* End PBXNativeTarget section */

/* Begin PBXProject section */
		907624FF2C9D1A5F00538B00 /* Project object */ = {
			isa = PBXProject;
			attributes = {
				BuildIndependentTargetsInParallel = 1;
				LastSwiftUpdateCheck = 1600;
				LastUpgradeCheck = 1600;
				TargetAttributes = {
					907625062C9D1A5F00538B00 = {
						CreatedOnToolsVersion = 16.0;
					};
					907625172C9D1A6100538B00 = {
						CreatedOnToolsVersion = 16.0;
						TestTargetID = 907625062C9D1A5F00538B00;
					};
					907625212C9D1A6100538B00 = {
						CreatedOnToolsVersion = 16.0;
						TestTargetID = 907625062C9D1A5F00538B00;
					};
				};
			};
			buildConfigurationList = 907625022C9D1A5F00538B00 /* Build configuration list for PBXProject "swift-ai-template" */;
			developmentRegion = en;
			hasScannedForEncodings = 0;
			knownRegions = (
				en,
				Base,
			);
			mainGroup = 907624FE2C9D1A5F00538B00;
			minimizedProjectReferenceProxies = 1;
			packageReferences = (
				907625352C9D1B2200538B00 /* XCRemoteSwiftPackageReference "amplify-swift" */,
				907625402C9D1B5E00538B00 /* XCRemoteSwiftPackageReference "amplify-ui-swift-authenticator" */,
				90670EE62C9D284A000308D3 /* XCRemoteSwiftPackageReference "apollo-ios" */,
				90960B4A2C9D28DD00448652 /* XCRemoteSwiftPackageReference "aws-appsync-apollo-extensions-swift" */,
				90128A842CEA5C0E00B95DF3 /* XCLocalSwiftPackageReference "AIRoutes" */,
			);
			preferredProjectObjectVersion = 77;
			productRefGroup = 907625082C9D1A5F00538B00 /* Products */;
			projectDirPath = "";
			projectRoot = "";
			targets = (
				907625062C9D1A5F00538B00 /* swift-ai-template */,
				907625172C9D1A6100538B00 /* swift-ai-templateTests */,
				907625212C9D1A6100538B00 /* swift-ai-templateUITests */,
			);
		};
/* End PBXProject section */

/* Begin PBXResourcesBuildPhase section */
		907625052C9D1A5F00538B00 /* Resources */ = {
			isa = PBXResourcesBuildPhase;
			buildActionMask = 2147483647;
			files = (
			);
			runOnlyForDeploymentPostprocessing = 0;
		};
		907625162C9D1A6100538B00 /* Resources */ = {
			isa = PBXResourcesBuildPhase;
			buildActionMask = 2147483647;
			files = (
			);
			runOnlyForDeploymentPostprocessing = 0;
		};
		907625202C9D1A6100538B00 /* Resources */ = {
			isa = PBXResourcesBuildPhase;
			buildActionMask = 2147483647;
			files = (
			);
			runOnlyForDeploymentPostprocessing = 0;
		};
/* End PBXResourcesBuildPhase section */

/* Begin PBXSourcesBuildPhase section */
		907625032C9D1A5F00538B00 /* Sources */ = {
			isa = PBXSourcesBuildPhase;
			buildActionMask = 2147483647;
			files = (
			);
			runOnlyForDeploymentPostprocessing = 0;
		};
		907625142C9D1A6100538B00 /* Sources */ = {
			isa = PBXSourcesBuildPhase;
			buildActionMask = 2147483647;
			files = (
			);
			runOnlyForDeploymentPostprocessing = 0;
		};
		9076251E2C9D1A6100538B00 /* Sources */ = {
			isa = PBXSourcesBuildPhase;
			buildActionMask = 2147483647;
			files = (
			);
			runOnlyForDeploymentPostprocessing = 0;
		};
/* End PBXSourcesBuildPhase section */

/* Begin PBXTargetDependency section */
		9076251A2C9D1A6100538B00 /* PBXTargetDependency */ = {
			isa = PBXTargetDependency;
			target = 907625062C9D1A5F00538B00 /* swift-ai-template */;
			targetProxy = 907625192C9D1A6100538B00 /* PBXContainerItemProxy */;
		};
		907625242C9D1A6100538B00 /* PBXTargetDependency */ = {
			isa = PBXTargetDependency;
			target = 907625062C9D1A5F00538B00 /* swift-ai-template */;
			targetProxy = 907625232C9D1A6100538B00 /* PBXContainerItemProxy */;
		};
/* End PBXTargetDependency section */

/* Begin XCBuildConfiguration section */
		9076252A2C9D1A6100538B00 /* Debug */ = {
			isa = XCBuildConfiguration;
			buildSettings = {
				ALWAYS_SEARCH_USER_PATHS = NO;
				ASSETCATALOG_COMPILER_GENERATE_SWIFT_ASSET_SYMBOL_EXTENSIONS = YES;
				CLANG_ANALYZER_NONNULL = YES;
				CLANG_ANALYZER_NUMBER_OBJECT_CONVERSION = YES_AGGRESSIVE;
				CLANG_CXX_LANGUAGE_STANDARD = "gnu++20";
				CLANG_ENABLE_MODULES = YES;
				CLANG_ENABLE_OBJC_ARC = YES;
				CLANG_ENABLE_OBJC_WEAK = YES;
				CLANG_WARN_BLOCK_CAPTURE_AUTORELEASING = YES;
				CLANG_WARN_BOOL_CONVERSION = YES;
				CLANG_WARN_COMMA = YES;
				CLANG_WARN_CONSTANT_CONVERSION = YES;
				CLANG_WARN_DEPRECATED_OBJC_IMPLEMENTATIONS = YES;
				CLANG_WARN_DIRECT_OBJC_ISA_USAGE = YES_ERROR;
				CLANG_WARN_DOCUMENTATION_COMMENTS = YES;
				CLANG_WARN_EMPTY_BODY = YES;
				CLANG_WARN_ENUM_CONVERSION = YES;
				CLANG_WARN_INFINITE_RECURSION = YES;
				CLANG_WARN_INT_CONVERSION = YES;
				CLANG_WARN_NON_LITERAL_NULL_CONVERSION = YES;
				CLANG_WARN_OBJC_IMPLICIT_RETAIN_SELF = YES;
				CLANG_WARN_OBJC_LITERAL_CONVERSION = YES;
				CLANG_WARN_OBJC_ROOT_CLASS = YES_ERROR;
				CLANG_WARN_QUOTED_INCLUDE_IN_FRAMEWORK_HEADER = YES;
				CLANG_WARN_RANGE_LOOP_ANALYSIS = YES;
				CLANG_WARN_STRICT_PROTOTYPES = YES;
				CLANG_WARN_SUSPICIOUS_MOVE = YES;
				CLANG_WARN_UNGUARDED_AVAILABILITY = YES_AGGRESSIVE;
				CLANG_WARN_UNREACHABLE_CODE = YES;
				CLANG_WARN__DUPLICATE_METHOD_MATCH = YES;
				COPY_PHASE_STRIP = NO;
				DEBUG_INFORMATION_FORMAT = dwarf;
				ENABLE_STRICT_OBJC_MSGSEND = YES;
				ENABLE_TESTABILITY = YES;
				ENABLE_USER_SCRIPT_SANDBOXING = YES;
				GCC_C_LANGUAGE_STANDARD = gnu17;
				GCC_DYNAMIC_NO_PIC = NO;
				GCC_NO_COMMON_BLOCKS = YES;
				GCC_OPTIMIZATION_LEVEL = 0;
				GCC_PREPROCESSOR_DEFINITIONS = (
					"DEBUG=1",
					"$(inherited)",
				);
				GCC_WARN_64_TO_32_BIT_CONVERSION = YES;
				GCC_WARN_ABOUT_RETURN_TYPE = YES_ERROR;
				GCC_WARN_UNDECLARED_SELECTOR = YES;
				GCC_WARN_UNINITIALIZED_AUTOS = YES_AGGRESSIVE;
				GCC_WARN_UNUSED_FUNCTION = YES;
				GCC_WARN_UNUSED_VARIABLE = YES;
				LOCALIZATION_PREFERS_STRING_CATALOGS = YES;
				MTL_ENABLE_DEBUG_INFO = INCLUDE_SOURCE;
				MTL_FAST_MATH = YES;
				ONLY_ACTIVE_ARCH = YES;
				SWIFT_ACTIVE_COMPILATION_CONDITIONS = "DEBUG $(inherited)";
				SWIFT_OPTIMIZATION_LEVEL = "-Onone";
			};
			name = Debug;
		};
		9076252B2C9D1A6100538B00 /* Release */ = {
			isa = XCBuildConfiguration;
			buildSettings = {
				ALWAYS_SEARCH_USER_PATHS = NO;
				ASSETCATALOG_COMPILER_GENERATE_SWIFT_ASSET_SYMBOL_EXTENSIONS = YES;
				CLANG_ANALYZER_NONNULL = YES;
				CLANG_ANALYZER_NUMBER_OBJECT_CONVERSION = YES_AGGRESSIVE;
				CLANG_CXX_LANGUAGE_STANDARD = "gnu++20";
				CLANG_ENABLE_MODULES = YES;
				CLANG_ENABLE_OBJC_ARC = YES;
				CLANG_ENABLE_OBJC_WEAK = YES;
				CLANG_WARN_BLOCK_CAPTURE_AUTORELEASING = YES;
				CLANG_WARN_BOOL_CONVERSION = YES;
				CLANG_WARN_COMMA = YES;
				CLANG_WARN_CONSTANT_CONVERSION = YES;
				CLANG_WARN_DEPRECATED_OBJC_IMPLEMENTATIONS = YES;
				CLANG_WARN_DIRECT_OBJC_ISA_USAGE = YES_ERROR;
				CLANG_WARN_DOCUMENTATION_COMMENTS = YES;
				CLANG_WARN_EMPTY_BODY = YES;
				CLANG_WARN_ENUM_CONVERSION = YES;
				CLANG_WARN_INFINITE_RECURSION = YES;
				CLANG_WARN_INT_CONVERSION = YES;
				CLANG_WARN_NON_LITERAL_NULL_CONVERSION = YES;
				CLANG_WARN_OBJC_IMPLICIT_RETAIN_SELF = YES;
				CLANG_WARN_OBJC_LITERAL_CONVERSION = YES;
				CLANG_WARN_OBJC_ROOT_CLASS = YES_ERROR;
				CLANG_WARN_QUOTED_INCLUDE_IN_FRAMEWORK_HEADER = YES;
				CLANG_WARN_RANGE_LOOP_ANALYSIS = YES;
				CLANG_WARN_STRICT_PROTOTYPES = YES;
				CLANG_WARN_SUSPICIOUS_MOVE = YES;
				CLANG_WARN_UNGUARDED_AVAILABILITY = YES_AGGRESSIVE;
				CLANG_WARN_UNREACHABLE_CODE = YES;
				CLANG_WARN__DUPLICATE_METHOD_MATCH = YES;
				COPY_PHASE_STRIP = NO;
				DEBUG_INFORMATION_FORMAT = "dwarf-with-dsym";
				ENABLE_NS_ASSERTIONS = NO;
				ENABLE_STRICT_OBJC_MSGSEND = YES;
				ENABLE_USER_SCRIPT_SANDBOXING = YES;
				GCC_C_LANGUAGE_STANDARD = gnu17;
				GCC_NO_COMMON_BLOCKS = YES;
				GCC_WARN_64_TO_32_BIT_CONVERSION = YES;
				GCC_WARN_ABOUT_RETURN_TYPE = YES_ERROR;
				GCC_WARN_UNDECLARED_SELECTOR = YES;
				GCC_WARN_UNINITIALIZED_AUTOS = YES_AGGRESSIVE;
				GCC_WARN_UNUSED_FUNCTION = YES;
				GCC_WARN_UNUSED_VARIABLE = YES;
				LOCALIZATION_PREFERS_STRING_CATALOGS = YES;
				MTL_ENABLE_DEBUG_INFO = NO;
				MTL_FAST_MATH = YES;
				SWIFT_COMPILATION_MODE = wholemodule;
			};
			name = Release;
		};
		9076252D2C9D1A6100538B00 /* Debug */ = {
			isa = XCBuildConfiguration;
			buildSettings = {
				ASSETCATALOG_COMPILER_APPICON_NAME = AppIcon;
				ASSETCATALOG_COMPILER_GLOBAL_ACCENT_COLOR_NAME = AccentColor;
				CODE_SIGN_ENTITLEMENTS = "swift-ai-template/swift_ai_template.entitlements";
				CODE_SIGN_STYLE = Automatic;
				CURRENT_PROJECT_VERSION = 1;
				DEVELOPMENT_ASSET_PATHS = "\"swift-ai-template/Preview Content\"";
				DEVELOPMENT_TEAM = WQ8PHYV36N;
				ENABLE_HARDENED_RUNTIME = YES;
				ENABLE_PREVIEWS = YES;
				GENERATE_INFOPLIST_FILE = YES;
				"INFOPLIST_KEY_UIApplicationSceneManifest_Generation[sdk=iphoneos*]" = YES;
				"INFOPLIST_KEY_UIApplicationSceneManifest_Generation[sdk=iphonesimulator*]" = YES;
				"INFOPLIST_KEY_UIApplicationSupportsIndirectInputEvents[sdk=iphoneos*]" = YES;
				"INFOPLIST_KEY_UIApplicationSupportsIndirectInputEvents[sdk=iphonesimulator*]" = YES;
				"INFOPLIST_KEY_UILaunchScreen_Generation[sdk=iphoneos*]" = YES;
				"INFOPLIST_KEY_UILaunchScreen_Generation[sdk=iphonesimulator*]" = YES;
				"INFOPLIST_KEY_UIStatusBarStyle[sdk=iphoneos*]" = UIStatusBarStyleDefault;
				"INFOPLIST_KEY_UIStatusBarStyle[sdk=iphonesimulator*]" = UIStatusBarStyleDefault;
				INFOPLIST_KEY_UISupportedInterfaceOrientations_iPad = "UIInterfaceOrientationPortrait UIInterfaceOrientationPortraitUpsideDown UIInterfaceOrientationLandscapeLeft UIInterfaceOrientationLandscapeRight";
				INFOPLIST_KEY_UISupportedInterfaceOrientations_iPhone = "UIInterfaceOrientationPortrait UIInterfaceOrientationLandscapeLeft UIInterfaceOrientationLandscapeRight";
				IPHONEOS_DEPLOYMENT_TARGET = 18.0;
				LD_RUNPATH_SEARCH_PATHS = "@executable_path/Frameworks";
				"LD_RUNPATH_SEARCH_PATHS[sdk=macosx*]" = "@executable_path/../Frameworks";
				MACOSX_DEPLOYMENT_TARGET = 14.6;
				MARKETING_VERSION = 1.0;
				PRODUCT_BUNDLE_IDENTIFIER = "io.coffee.swift-ai-template";
				PRODUCT_NAME = "$(TARGET_NAME)";
				SDKROOT = auto;
				SUPPORTED_PLATFORMS = "iphoneos iphonesimulator macosx xros xrsimulator";
				SWIFT_EMIT_LOC_STRINGS = YES;
				SWIFT_VERSION = 5.0;
				TARGETED_DEVICE_FAMILY = "1,2,7";
				XROS_DEPLOYMENT_TARGET = 2.0;
			};
			name = Debug;
		};
		9076252E2C9D1A6100538B00 /* Release */ = {
			isa = XCBuildConfiguration;
			buildSettings = {
				ASSETCATALOG_COMPILER_APPICON_NAME = AppIcon;
				ASSETCATALOG_COMPILER_GLOBAL_ACCENT_COLOR_NAME = AccentColor;
				CODE_SIGN_ENTITLEMENTS = "swift-ai-template/swift_ai_template.entitlements";
				CODE_SIGN_STYLE = Automatic;
				CURRENT_PROJECT_VERSION = 1;
				DEVELOPMENT_ASSET_PATHS = "\"swift-ai-template/Preview Content\"";
				DEVELOPMENT_TEAM = WQ8PHYV36N;
				ENABLE_HARDENED_RUNTIME = YES;
				ENABLE_PREVIEWS = YES;
				GENERATE_INFOPLIST_FILE = YES;
				"INFOPLIST_KEY_UIApplicationSceneManifest_Generation[sdk=iphoneos*]" = YES;
				"INFOPLIST_KEY_UIApplicationSceneManifest_Generation[sdk=iphonesimulator*]" = YES;
				"INFOPLIST_KEY_UIApplicationSupportsIndirectInputEvents[sdk=iphoneos*]" = YES;
				"INFOPLIST_KEY_UIApplicationSupportsIndirectInputEvents[sdk=iphonesimulator*]" = YES;
				"INFOPLIST_KEY_UILaunchScreen_Generation[sdk=iphoneos*]" = YES;
				"INFOPLIST_KEY_UILaunchScreen_Generation[sdk=iphonesimulator*]" = YES;
				"INFOPLIST_KEY_UIStatusBarStyle[sdk=iphoneos*]" = UIStatusBarStyleDefault;
				"INFOPLIST_KEY_UIStatusBarStyle[sdk=iphonesimulator*]" = UIStatusBarStyleDefault;
				INFOPLIST_KEY_UISupportedInterfaceOrientations_iPad = "UIInterfaceOrientationPortrait UIInterfaceOrientationPortraitUpsideDown UIInterfaceOrientationLandscapeLeft UIInterfaceOrientationLandscapeRight";
				INFOPLIST_KEY_UISupportedInterfaceOrientations_iPhone = "UIInterfaceOrientationPortrait UIInterfaceOrientationLandscapeLeft UIInterfaceOrientationLandscapeRight";
				IPHONEOS_DEPLOYMENT_TARGET = 18.0;
				LD_RUNPATH_SEARCH_PATHS = "@executable_path/Frameworks";
				"LD_RUNPATH_SEARCH_PATHS[sdk=macosx*]" = "@executable_path/../Frameworks";
				MACOSX_DEPLOYMENT_TARGET = 14.6;
				MARKETING_VERSION = 1.0;
				PRODUCT_BUNDLE_IDENTIFIER = "io.coffee.swift-ai-template";
				PRODUCT_NAME = "$(TARGET_NAME)";
				SDKROOT = auto;
				SUPPORTED_PLATFORMS = "iphoneos iphonesimulator macosx xros xrsimulator";
				SWIFT_EMIT_LOC_STRINGS = YES;
				SWIFT_VERSION = 5.0;
				TARGETED_DEVICE_FAMILY = "1,2,7";
				XROS_DEPLOYMENT_TARGET = 2.0;
			};
			name = Release;
		};
		907625302C9D1A6100538B00 /* Debug */ = {
			isa = XCBuildConfiguration;
			buildSettings = {
				BUNDLE_LOADER = "$(TEST_HOST)";
				CODE_SIGN_STYLE = Automatic;
				CURRENT_PROJECT_VERSION = 1;
				DEVELOPMENT_TEAM = WQ8PHYV36N;
				GENERATE_INFOPLIST_FILE = YES;
				IPHONEOS_DEPLOYMENT_TARGET = 18.0;
				MACOSX_DEPLOYMENT_TARGET = 14.6;
				MARKETING_VERSION = 1.0;
				PRODUCT_BUNDLE_IDENTIFIER = "io.coffee.swift-ai-templateTests";
				PRODUCT_NAME = "$(TARGET_NAME)";
				SDKROOT = auto;
				SUPPORTED_PLATFORMS = "iphoneos iphonesimulator macosx xros xrsimulator";
				SWIFT_EMIT_LOC_STRINGS = NO;
				SWIFT_VERSION = 5.0;
				TARGETED_DEVICE_FAMILY = "1,2,7";
				TEST_HOST = "$(BUILT_PRODUCTS_DIR)/swift-ai-template.app/$(BUNDLE_EXECUTABLE_FOLDER_PATH)/swift-ai-template";
				XROS_DEPLOYMENT_TARGET = 2.0;
			};
			name = Debug;
		};
		907625312C9D1A6100538B00 /* Release */ = {
			isa = XCBuildConfiguration;
			buildSettings = {
				BUNDLE_LOADER = "$(TEST_HOST)";
				CODE_SIGN_STYLE = Automatic;
				CURRENT_PROJECT_VERSION = 1;
				DEVELOPMENT_TEAM = WQ8PHYV36N;
				GENERATE_INFOPLIST_FILE = YES;
				IPHONEOS_DEPLOYMENT_TARGET = 18.0;
				MACOSX_DEPLOYMENT_TARGET = 14.6;
				MARKETING_VERSION = 1.0;
				PRODUCT_BUNDLE_IDENTIFIER = "io.coffee.swift-ai-templateTests";
				PRODUCT_NAME = "$(TARGET_NAME)";
				SDKROOT = auto;
				SUPPORTED_PLATFORMS = "iphoneos iphonesimulator macosx xros xrsimulator";
				SWIFT_EMIT_LOC_STRINGS = NO;
				SWIFT_VERSION = 5.0;
				TARGETED_DEVICE_FAMILY = "1,2,7";
				TEST_HOST = "$(BUILT_PRODUCTS_DIR)/swift-ai-template.app/$(BUNDLE_EXECUTABLE_FOLDER_PATH)/swift-ai-template";
				XROS_DEPLOYMENT_TARGET = 2.0;
			};
			name = Release;
		};
		907625332C9D1A6100538B00 /* Debug */ = {
			isa = XCBuildConfiguration;
			buildSettings = {
				CODE_SIGN_STYLE = Automatic;
				CURRENT_PROJECT_VERSION = 1;
				DEVELOPMENT_TEAM = WQ8PHYV36N;
				GENERATE_INFOPLIST_FILE = YES;
				IPHONEOS_DEPLOYMENT_TARGET = 18.0;
				MACOSX_DEPLOYMENT_TARGET = 14.6;
				MARKETING_VERSION = 1.0;
				PRODUCT_BUNDLE_IDENTIFIER = "io.coffee.swift-ai-templateUITests";
				PRODUCT_NAME = "$(TARGET_NAME)";
				SDKROOT = auto;
				SUPPORTED_PLATFORMS = "iphoneos iphonesimulator macosx xros xrsimulator";
				SWIFT_EMIT_LOC_STRINGS = NO;
				SWIFT_VERSION = 5.0;
				TARGETED_DEVICE_FAMILY = "1,2,7";
				TEST_TARGET_NAME = "swift-ai-template";
				XROS_DEPLOYMENT_TARGET = 2.0;
			};
			name = Debug;
		};
		907625342C9D1A6100538B00 /* Release */ = {
			isa = XCBuildConfiguration;
			buildSettings = {
				CODE_SIGN_STYLE = Automatic;
				CURRENT_PROJECT_VERSION = 1;
				DEVELOPMENT_TEAM = WQ8PHYV36N;
				GENERATE_INFOPLIST_FILE = YES;
				IPHONEOS_DEPLOYMENT_TARGET = 18.0;
				MACOSX_DEPLOYMENT_TARGET = 14.6;
				MARKETING_VERSION = 1.0;
				PRODUCT_BUNDLE_IDENTIFIER = "io.coffee.swift-ai-templateUITests";
				PRODUCT_NAME = "$(TARGET_NAME)";
				SDKROOT = auto;
				SUPPORTED_PLATFORMS = "iphoneos iphonesimulator macosx xros xrsimulator";
				SWIFT_EMIT_LOC_STRINGS = NO;
				SWIFT_VERSION = 5.0;
				TARGETED_DEVICE_FAMILY = "1,2,7";
				TEST_TARGET_NAME = "swift-ai-template";
				XROS_DEPLOYMENT_TARGET = 2.0;
			};
			name = Release;
		};
/* End XCBuildConfiguration section */

/* Begin XCConfigurationList section */
		907625022C9D1A5F00538B00 /* Build configuration list for PBXProject "swift-ai-template" */ = {
			isa = XCConfigurationList;
			buildConfigurations = (
				9076252A2C9D1A6100538B00 /* Debug */,
				9076252B2C9D1A6100538B00 /* Release */,
			);
			defaultConfigurationIsVisible = 0;
			defaultConfigurationName = Release;
		};
		9076252C2C9D1A6100538B00 /* Build configuration list for PBXNativeTarget "swift-ai-template" */ = {
			isa = XCConfigurationList;
			buildConfigurations = (
				9076252D2C9D1A6100538B00 /* Debug */,
				9076252E2C9D1A6100538B00 /* Release */,
			);
			defaultConfigurationIsVisible = 0;
			defaultConfigurationName = Release;
		};
		9076252F2C9D1A6100538B00 /* Build configuration list for PBXNativeTarget "swift-ai-templateTests" */ = {
			isa = XCConfigurationList;
			buildConfigurations = (
				907625302C9D1A6100538B00 /* Debug */,
				907625312C9D1A6100538B00 /* Release */,
			);
			defaultConfigurationIsVisible = 0;
			defaultConfigurationName = Release;
		};
		907625322C9D1A6100538B00 /* Build configuration list for PBXNativeTarget "swift-ai-templateUITests" */ = {
			isa = XCConfigurationList;
			buildConfigurations = (
				907625332C9D1A6100538B00 /* Debug */,
				907625342C9D1A6100538B00 /* Release */,
			);
			defaultConfigurationIsVisible = 0;
			defaultConfigurationName = Release;
		};
/* End XCConfigurationList section */

/* Begin XCLocalSwiftPackageReference section */
		90128A842CEA5C0E00B95DF3 /* XCLocalSwiftPackageReference "AIRoutes" */ = {
			isa = XCLocalSwiftPackageReference;
			relativePath = AIRoutes;
		};
/* End XCLocalSwiftPackageReference section */

/* Begin XCRemoteSwiftPackageReference section */
		90670EE62C9D284A000308D3 /* XCRemoteSwiftPackageReference "apollo-ios" */ = {
			isa = XCRemoteSwiftPackageReference;
			repositoryURL = "https://github.com/apollographql/apollo-ios.git";
			requirement = {
				kind = upToNextMajorVersion;
				minimumVersion = 1.15.1;
			};
		};
		907625352C9D1B2200538B00 /* XCRemoteSwiftPackageReference "amplify-swift" */ = {
			isa = XCRemoteSwiftPackageReference;
			repositoryURL = "https://github.com/aws-amplify/amplify-swift";
			requirement = {
				kind = upToNextMajorVersion;
				minimumVersion = 2.41.1;
			};
		};
		907625402C9D1B5E00538B00 /* XCRemoteSwiftPackageReference "amplify-ui-swift-authenticator" */ = {
			isa = XCRemoteSwiftPackageReference;
			repositoryURL = "https://github.com/aws-amplify/amplify-ui-swift-authenticator";
			requirement = {
				kind = upToNextMajorVersion;
				minimumVersion = 1.1.7;
			};
		};
		90960B4A2C9D28DD00448652 /* XCRemoteSwiftPackageReference "aws-appsync-apollo-extensions-swift" */ = {
			isa = XCRemoteSwiftPackageReference;
			repositoryURL = "https://github.com/aws-amplify/aws-appsync-apollo-extensions-swift.git";
			requirement = {
				kind = upToNextMajorVersion;
				minimumVersion = 1.0.0;
			};
		};
/* End XCRemoteSwiftPackageReference section */

/* Begin XCSwiftPackageProductDependency section */
		90128A852CEA5C0E00B95DF3 /* AIRoutes */ = {
			isa = XCSwiftPackageProductDependency;
			productName = AIRoutes;
		};
		90670EE72C9D284A000308D3 /* Apollo */ = {
			isa = XCSwiftPackageProductDependency;
			package = 90670EE62C9D284A000308D3 /* XCRemoteSwiftPackageReference "apollo-ios" */;
			productName = Apollo;
		};
		90670EE92C9D284A000308D3 /* ApolloAPI */ = {
			isa = XCSwiftPackageProductDependency;
			package = 90670EE62C9D284A000308D3 /* XCRemoteSwiftPackageReference "apollo-ios" */;
			productName = ApolloAPI;
		};
		907625362C9D1B2200538B00 /* AWSAPIPlugin */ = {
			isa = XCSwiftPackageProductDependency;
			package = 907625352C9D1B2200538B00 /* XCRemoteSwiftPackageReference "amplify-swift" */;
			productName = AWSAPIPlugin;
		};
		907625382C9D1B2200538B00 /* AWSCognitoAuthPlugin */ = {
			isa = XCSwiftPackageProductDependency;
			package = 907625352C9D1B2200538B00 /* XCRemoteSwiftPackageReference "amplify-swift" */;
			productName = AWSCognitoAuthPlugin;
		};
		9076253A2C9D1B2200538B00 /* AWSPluginsCore */ = {
			isa = XCSwiftPackageProductDependency;
			package = 907625352C9D1B2200538B00 /* XCRemoteSwiftPackageReference "amplify-swift" */;
			productName = AWSPluginsCore;
		};
		9076253C2C9D1B2200538B00 /* AWSS3StoragePlugin */ = {
			isa = XCSwiftPackageProductDependency;
			package = 907625352C9D1B2200538B00 /* XCRemoteSwiftPackageReference "amplify-swift" */;
			productName = AWSS3StoragePlugin;
		};
		9076253E2C9D1B2200538B00 /* Amplify */ = {
			isa = XCSwiftPackageProductDependency;
			package = 907625352C9D1B2200538B00 /* XCRemoteSwiftPackageReference "amplify-swift" */;
			productName = Amplify;
		};
		907625412C9D1B5E00538B00 /* Authenticator */ = {
			isa = XCSwiftPackageProductDependency;
			package = 907625402C9D1B5E00538B00 /* XCRemoteSwiftPackageReference "amplify-ui-swift-authenticator" */;
			productName = Authenticator;
		};
		90960B4B2C9D28DD00448652 /* AWSAppSyncApolloExtensions */ = {
			isa = XCSwiftPackageProductDependency;
			package = 90960B4A2C9D28DD00448652 /* XCRemoteSwiftPackageReference "aws-appsync-apollo-extensions-swift" */;
			productName = AWSAppSyncApolloExtensions;
		};
/* End XCSwiftPackageProductDependency section */
	};
	rootObject = 907624FF2C9D1A5F00538B00 /* Project object */;
}
